DEPENDENCIES
  ELK-ubuntu (~> 0.1.1)
  apache2 (~> 5.0.1)
  apt (~> 7.0.0)
  chef-client (~> 10.0.5)
  cron (~> 6.1.1)
  dpkg_autostart (~> 0.2.0)
  homebrew (~> 5.0.4)
  java (~> 2.2.0)
  jenkins (~> 6.2.0)
  kube (~> 3.0.0)
  marathon (~> 2.2.0)
  mesos (~> 3.6.0)
  packagecloud (~> 1.0.0)
  runit (~> 4.3.0)
  windows (~> 5.0.0)
  yum (~> 5.1.0)
  yum-epel (~> 3.2.0)

GRAPH
  ELK-ubuntu (0.1.1)
  apache2 (5.0.1)
  apt (7.0.0)
  chef-client (10.0.5)
    cron (>= 4.2.0)
    logrotate (>= 1.9.0)
    windows (>= 2.0.0)
  cron (6.1.1)
  dpkg_autostart (0.2.0)
  homebrew (5.0.4)
  java (2.2.0)
    homebrew (>= 0.0.0)
    windows (>= 0.0.0)
  jenkins (6.2.0)
    dpkg_autostart (>= 0.0.0)
    runit (>= 1.7)
  kube (3.0.0)
  logrotate (2.2.0)
  marathon (2.2.0)
    apt (>= 0.0.0)
    java (>= 0.0.0)
    mesos (>= 0.0.0)
    poise-service (>= 0.0.0)
    yum (>= 0.0.0)
  mesos (3.6.0)
    apt (>= 0.0.0)
    java (>= 0.0.0)
    yum (>= 0.0.0)
  packagecloud (1.0.0)
  poise (2.8.2)
  poise-service (1.5.2)
    poise (~> 2.0)
  runit (4.3.0)
    packagecloud (>= 0.0.0)
    yum-epel (>= 0.0.0)
  windows (5.0.0)
  yum (5.1.0)
  yum-epel (3.2.0)
